#MicroXplorer Configuration settings - do not modify
File.Version=6
KeepUserPlacement=false
Mcu.Family=STM32F0
Mcu.IP0=NVIC
Mcu.IP1=RCC
Mcu.IP2=SPI1
Mcu.IP3=SYS
Mcu.IP4=TIM1
Mcu.IP5=USART1
Mcu.IPNb=6
Mcu.Name=STM32F030F4Px
Mcu.Package=TSSOP20
Mcu.Pin0=PF0-OSC_IN
Mcu.Pin1=PF1-OSC_OUT
Mcu.Pin10=PB1
Mcu.Pin11=PA9
Mcu.Pin12=PA10
Mcu.Pin13=PA13
Mcu.Pin14=PA14
Mcu.Pin15=VP_SYS_VS_Systick
Mcu.Pin2=PA0
Mcu.Pin3=PA1
Mcu.Pin4=PA2
Mcu.Pin5=PA3
Mcu.Pin6=PA4
Mcu.Pin7=PA5
Mcu.Pin8=PA6
Mcu.Pin9=PA7
Mcu.PinsNb=16
Mcu.UserConstants=
Mcu.UserName=STM32F030F4Px
MxCube.Version=4.20.1
MxDb.Version=DB.4.0.200
NVIC.HardFault_IRQn=true\:0\:0\:false\:false\:true
NVIC.NonMaskableInt_IRQn=true\:0\:0\:false\:false\:true
NVIC.PendSV_IRQn=true\:0\:0\:false\:false\:true
NVIC.SVC_IRQn=true\:0\:0\:false\:false\:true
NVIC.SysTick_IRQn=true\:0\:0\:false\:false\:true
NVIC.TIM1_BRK_UP_TRG_COM_IRQn=true\:0\:0\:false\:false\:true
NVIC.TIM1_CC_IRQn=true\:0\:0\:false\:false\:true
PA0.GPIOParameters=GPIO_Label
PA0.GPIO_Label=PW_SEL
PA0.Locked=true
PA0.Signal=GPIO_Output
PA1.GPIOParameters=GPIO_Label
PA1.GPIO_Label=RF_IRQ
PA1.Locked=true
PA1.Signal=GPIO_Input
PA10.GPIOParameters=GPIO_Label
PA10.GPIO_Label=PW_CF1
PA10.Signal=S_TIM1_CH3
PA13.Mode=Serial_Wire
PA13.Signal=SYS_SWDIO
PA14.Mode=Serial_Wire
PA14.Signal=SYS_SWCLK
PA2.Mode=Asynchronous
PA2.Signal=USART1_TX
PA3.Mode=Asynchronous
PA3.Signal=USART1_RX
PA4.Mode=NSS_Signal_Hard_Output
PA4.Signal=SPI1_NSS
PA5.Mode=Full_Duplex_Master
PA5.Signal=SPI1_SCK
PA6.Mode=Full_Duplex_Master
PA6.Signal=SPI1_MISO
PA7.Mode=Full_Duplex_Master
PA7.Signal=SPI1_MOSI
PA9.GPIOParameters=GPIO_Label
PA9.GPIO_Label=PW_CF
PA9.Signal=S_TIM1_CH2
PB1.GPIOParameters=GPIO_Speed,GPIO_Label
PB1.GPIO_Label=RF_CE
PB1.GPIO_Speed=GPIO_SPEED_FREQ_HIGH
PB1.Locked=true
PB1.Signal=GPIO_Output
PCC.Battery=Alkaline(AA LR6)
PCC.Battery.Capacity=2850.0
PCC.Battery.Compatibility=Yes
PCC.Battery.InParallel=1
PCC.Battery.InSeries=1
PCC.Battery.MaxContinuous=1000.0
PCC.Battery.MaxPulseCurrent=0.0
PCC.Battery.NominalVoltage=1.5
PCC.Battery.SelfDischarge=0.3
PCC.Checker=false
PCC.Line=STM32F0x0 Value Line
PCC.MCU=STM32F030F4Px
PCC.PartNumber=STM32F030F4Px
PCC.Seq0=3
PCC.Seq0.Step0.Average_Current=22.24 mA
PCC.Seq0.Step0.CPU_Frequency=48.0 MHz
PCC.Seq0.Step0.Category=In DS Table
PCC.Seq0.Step0.DMIPS=0.0
PCC.Seq0.Step0.Duration=1 ms
PCC.Seq0.Step0.Frequency=8.0 MHz
PCC.Seq0.Step0.Memory=FLASH
PCC.Seq0.Step0.Mode=RUN
PCC.Seq0.Step0.Oscillator=HSI PLL All IPs ON
PCC.Seq0.Step0.Peripherals=
PCC.Seq0.Step0.TaMax=98.91
PCC.Seq0.Step0.User's_Consumption=0 mA
PCC.Seq0.Step0.Vcore=No Scale
PCC.Seq0.Step0.Vdd=3.6
PCC.Seq0.Step0.Voltage_Source=Battery
PCC.Seq0.Step1.Average_Current=14.24 mA
PCC.Seq0.Step1.CPU_Frequency=48.0 MHz
PCC.Seq0.Step1.Category=In DS Table
PCC.Seq0.Step1.DMIPS=0.0
PCC.Seq0.Step1.Duration=1 ms
PCC.Seq0.Step1.Frequency=8.0 MHz
PCC.Seq0.Step1.Memory=RAM/FLASH
PCC.Seq0.Step1.Mode=SLEEP
PCC.Seq0.Step1.Oscillator=HSI PLL All IPs ON
PCC.Seq0.Step1.Peripherals=
PCC.Seq0.Step1.TaMax=101.1
PCC.Seq0.Step1.User's_Consumption=0 mA
PCC.Seq0.Step1.Vcore=No Scale
PCC.Seq0.Step1.Vdd=3.6
PCC.Seq0.Step1.Voltage_Source=Battery
PCC.Seq0.Step2.Average_Current=5.3 \u00B5A
PCC.Seq0.Step2.CPU_Frequency=0 Hz
PCC.Seq0.Step2.Category=In DS Table
PCC.Seq0.Step2.DMIPS=0.0
PCC.Seq0.Step2.Duration=1 ms
PCC.Seq0.Step2.Frequency=37.0 kHz
PCC.Seq0.Step2.Memory=n/a
PCC.Seq0.Step2.Mode=STANDBY
PCC.Seq0.Step2.Oscillator=LSI IWDG
PCC.Seq0.Step2.Peripherals=
PCC.Seq0.Step2.TaMax=105
PCC.Seq0.Step2.User's_Consumption=0 mA
PCC.Seq0.Step2.Vcore=No Scale
PCC.Seq0.Step2.Vdd=3.6
PCC.Seq0.Step2.Voltage_Source=Battery
PCC.Series=STM32F0
PCC.Temperature=25
PCC.Vdd=3.6
PF0-OSC_IN.GPIOParameters=GPIO_Speed,GPIO_Label
PF0-OSC_IN.GPIO_Label=DE
PF0-OSC_IN.GPIO_Speed=GPIO_SPEED_FREQ_HIGH
PF0-OSC_IN.Locked=true
PF0-OSC_IN.Signal=GPIO_Output
PF1-OSC_OUT.GPIOParameters=GPIO_Speed,GPIO_Label
PF1-OSC_OUT.GPIO_Label=RF_POW
PF1-OSC_OUT.GPIO_Speed=GPIO_SPEED_FREQ_HIGH
PF1-OSC_OUT.Locked=true
PF1-OSC_OUT.Signal=GPIO_Output
ProjectManager.AskForMigrate=false
ProjectManager.BackupPrevious=false
ProjectManager.CompilerOptimize=2
ProjectManager.ComputerToolchain=false
ProjectManager.CoupleFile=true
ProjectManager.CustomerFirmwarePackage=
ProjectManager.DefaultFWLocation=true
ProjectManager.DeletePrevious=true
ProjectManager.DeviceId=STM32F030F4Px
ProjectManager.FirmwarePackage=STM32Cube FW_F0 V1.7.0
ProjectManager.FreePins=false
ProjectManager.HalAssertFull=false
ProjectManager.HeapSize=0x200
ProjectManager.KeepUserCode=true
ProjectManager.LastFirmware=true
ProjectManager.LibraryCopy=1
ProjectManager.PreviousToolchain=SW4STM32
ProjectManager.ProjectBuild=false
ProjectManager.ProjectFileName=PWRMETV0.1.ioc
ProjectManager.ProjectName=PWRMETV0.1
ProjectManager.StackSize=0x400
ProjectManager.TargetToolchain=SW4STM32
ProjectManager.ToolChainLocation=
ProjectManager.UnderRoot=false
ProjectManager.functionlistsort=1-MX_GPIO_Init-GPIO-false-HAL,2-SystemClock_Config-RCC-false-HAL,3-MX_TIM1_Init-TIM1-false-HAL,4-MX_SPI1_Init-SPI1-false-HAL,5-MX_USART1_UART_Init-USART1-false-HAL
RCC.AHBFreq_Value=48000000
RCC.APB1CLKDivider=RCC_HCLK_DIV4
RCC.APB1Freq_Value=12000000
RCC.APB1TimFreq_Value=24000000
RCC.FCLKCortexFreq_Value=48000000
RCC.FamilyName=M
RCC.HCLKFreq_Value=48000000
RCC.IPParameters=AHBFreq_Value,APB1CLKDivider,APB1Freq_Value,APB1TimFreq_Value,FCLKCortexFreq_Value,FamilyName,HCLKFreq_Value,PLLCLKFreq_Value,PLLMUL,SYSCLKFreq_VALUE,SYSCLKSource,TimSysFreq_Value,USART1Freq_Value,Usart1ClockSelection
RCC.PLLCLKFreq_Value=48000000
RCC.PLLMUL=RCC_PLL_MUL12
RCC.SYSCLKFreq_VALUE=48000000
RCC.SYSCLKSource=RCC_SYSCLKSOURCE_PLLCLK
RCC.TimSysFreq_Value=48000000
RCC.USART1Freq_Value=8000000
RCC.Usart1ClockSelection=RCC_USART1CLKSOURCE_HSI
SH.S_TIM1_CH2.0=TIM1_CH2,Input_Capture2_from_TI2
SH.S_TIM1_CH2.ConfNb=1
SH.S_TIM1_CH3.0=TIM1_CH3,Input_Capture3_from_TI3
SH.S_TIM1_CH3.ConfNb=1
SPI1.BaudRatePrescaler=SPI_BAUDRATEPRESCALER_8
SPI1.CalculateBaudRate=1.5 MBits/s
SPI1.DataSize=SPI_DATASIZE_8BIT
SPI1.Direction=SPI_DIRECTION_2LINES
SPI1.IPParameters=VirtualType,Mode,Direction,CalculateBaudRate,VirtualNSS,BaudRatePrescaler,DataSize
SPI1.Mode=SPI_MODE_MASTER
SPI1.VirtualNSS=VM_NSSHARD
SPI1.VirtualType=VM_MASTER
TIM1.AutoReloadPreload=TIM_AUTORELOAD_PRELOAD_ENABLE
TIM1.Channel-Input_Capture2_from_TI2=TIM_CHANNEL_2
TIM1.Channel-Input_Capture3_from_TI3=TIM_CHANNEL_3
TIM1.IPParameters=Channel-Input_Capture2_from_TI2,Channel-Input_Capture3_from_TI3,Prescaler,AutoReloadPreload,Period
TIM1.Period=64000
TIM1.Prescaler=750
USART1.IPParameters=VirtualMode-Asynchronous
USART1.VirtualMode-Asynchronous=VM_ASYNC
VP_SYS_VS_Systick.Mode=SysTick
VP_SYS_VS_Systick.Signal=SYS_VS_Systick
board=PWRMETV0.1
